Microsoft Visual Studio Solution File, Format Version 12.00
# Visual Studio Version 17
VisualStudioVersion = 17.5.2.0
MinimumVisualStudioVersion = 10.0.40219.1
Project("{FAE04EC0-301F-11D3-BF4B-00C04F79EFBC}") = "WebJob", "WebJob.csproj", "{50589CC6-0255-6F2E-33C0-F5EF2C6DD052}"
EndProject
Global
	GlobalSection(SolutionConfigurationPlatforms) = preSolution
		Debug|Any CPU = Debug|Any CPU
		Release|Any CPU = Release|Any CPU
	EndGlobalSection
	GlobalSection(ProjectConfigurationPlatforms) = postSolution
		{50589CC6-0255-6F2E-33C0-F5EF2C6DD052}.Debug|Any CPU.ActiveCfg = Debug|Any CPU
		{50589CC6-0255-6F2E-33C0-F5EF2C6DD052}.Debug|Any CPU.Build.0 = Debug|Any CPU
		{50589CC6-0255-6F2E-33C0-F5EF2C6DD052}.Release|Any CPU.ActiveCfg = Release|Any CPU
		{50589CC6-0255-6F2E-33C0-F5EF2C6DD052}.Release|Any CPU.Build.0 = Release|Any CPU
	EndGlobalSection
	GlobalSection(SolutionProperties) = preSolution
		HideSolutionNode = FALSE
	EndGlobalSection
	GlobalSection(ExtensibilityGlobals) = postSolution
		SolutionGuid = {E09265CA-5AD8-4702-A463-A9A6BC42192B}
	EndGlobalSection
EndGlobal
